github.com/koykov/bitset v0.0.0-20220630192021-a713ee0d389d h1:b82iiOxU5g1mcgKfmJPg47WGLumM91t9wPNWN1a3DbM=
github.com/koykov/bitset v0.0.0-20220630192021-a713ee0d389d/go.mod h1:Mg0YlEO6vG0Vd2N5qZhyH1ss2ZuuMZR8iYNKshQcm6I=
github.com/koykov/bytealg v0.0.0-20220528213442-ac92b7cc2f07 h1:GNAcqL+VEnO02kTK2F9wBBgLB6TUYESoLJXTtXblnIw=
github.com/koykov/bytealg v0.0.0-20220528213442-ac92b7cc2f07/go.mod h1:GsRL37HNnRhJ5Igs0WV7sIVWo8R7qBB9KJh6wzVUFe0=
github.com/koykov/entry v0.0.0-20220728194924-2e90bd5a85d6 h1:jkHQBOebT+/e0PqN2QgGwV1/y+u7yg2R98ZXeZgcODU=
github.com/koykov/entry v0.0.0-20220728194924-2e90bd5a85d6/go.mod h1:WmCy/YM0sPb4ETL9wYY0OJwO89KJ7qeQPGOwLUG4rZU=
github.com/koykov/fastconv v0.0.0-20211028200057-f6897ace3bc2 h1:jIlvXIudUQ6ER2y/oExe8Qa3lnZ+6C0BpPthjfDhxvs=
github.com/koykov/fastconv v0.0.0-20211028200057-f6897ace3bc2/go.mod h1:JXdtdh0aCcSmxLsVUoYP61lmxpL6dWOXEKxCIR+MlGg=
github.com/koykov/hash v0.0.0-20211114213030-b12f4a779e5d h1:QbOYJf3+IuQfP8p8DH81zE8se1ub9st9Udbxlsfnf5M=
github.com/koykov/hash v0.0.0-20211114213030-b12f4a779e5d/go.mod h1:+utwpI8WtsRQsCwtxNZKTCobJuJ8j3RNjTYLb270u+U=
