github.com/koykov/bitset v1.0.0 h1:2mEbAhKelhpdWqnpa+mR3HRhdMsto5od7ACOi6MIAmk=
github.com/koykov/bitset v1.0.0/go.mod h1:DVR3bH49c1oOcNtD38h+aQq7lp1ZY91cXmjOldlTk8A=
github.com/koykov/bytealg v1.0.2 h1:e9le4zkWnK9o1dsjlEtIPjC4JuHof+w0XsyOnYGLOvs=
github.com/koykov/bytealg v1.0.2/go.mod h1:3jLF2zTF1XO+E9dyodNDd3kWyhavUdVUXaIwqPkikB0=
github.com/koykov/byteseq v0.0.0-20230330194259-68973f3b765a h1:2q77e/w+8RE5VwIaR2KwcF4f+PqEemrgOiRA/xhM7S4=
github.com/koykov/byteseq v0.0.0-20230330194259-68973f3b765a/go.mod h1:JlIJ6P3/ocuGNRbTVyP0NVRS/ExofhOS8g7mtefjefw=
github.com/koykov/entry v0.0.0-20220113212913-c30c9b7ad1e6/go.mod h1:WmCy/YM0sPb4ETL9wYY0OJwO89KJ7qeQPGOwLUG4rZU=
github.com/koykov/entry v1.0.1 h1:XurTLzqcbluBKMJqBB23HoKrkd1tdp5nH8RrbSE9Jl0=
github.com/koykov/entry v1.0.1/go.mod h1:WmCy/YM0sPb4ETL9wYY0OJwO89KJ7qeQPGOwLUG4rZU=
github.com/koykov/fastconv v0.0.0-20211028200057-f6897ace3bc2/go.mod h1:JXdtdh0aCcSmxLsVUoYP61lmxpL6dWOXEKxCIR+MlGg=
github.com/koykov/fastconv v1.0.2 h1:csOWpctD9OcpkfI07LEtqtolc4TT8Y6QG3zQvkTmhrQ=
github.com/koykov/fastconv v1.0.2/go.mod h1:9jOx5KRGe4UKHxGiDw5Yrp/qrqn2cRwH3xvFjqqCE3c=
github.com/koykov/hash v0.0.0-20211114213030-b12f4a779e5d/go.mod h1:+utwpI8WtsRQsCwtxNZKTCobJuJ8j3RNjTYLb270u+U=
github.com/koykov/hash v1.0.0 h1:9fO+G934GvZqdtnpn6rfv5kipxUw9Tix+VswM7heASA=
github.com/koykov/hash v1.0.0/go.mod h1:O9RBNTOh5CSr3z6JSchbN6SXhB4TrqsKvS9S3zr6VJ4=
github.com/koykov/uaxpl/cmd/uaxplc v0.0.0-20231009153124-9135db096d2f h1:uQ1PaATqxsccpr0VwwEVK7f7lfusYnP12MKCFrK8m6M=
github.com/koykov/uaxpl/cmd/uaxplc v0.0.0-20231009153124-9135db096d2f/go.mod h1:nbv88yVgqvBmTZEr7HDQ+wy8q3Pg2tW/LhOihy25Mjg=
gopkg.in/check.v1 v0.0.0-20161208181325-20d25e280405/go.mod h1:Co6ibVJAznAaIkqp8huTwlJQCZ016jof/cbN4VW5Yz0=
gopkg.in/yaml.v2 v2.4.0 h1:D8xgwECY7CYvx+Y2n4sBz93Jn9JRvxdiyyo8CTfuKaY=
gopkg.in/yaml.v2 v2.4.0/go.mod h1:RDklbk79AGWmwhnvt/jBztapEOGDOx6ZbXqjP6csGnQ=
