github.com/koykov/bitset v0.0.0-20210528202239-5d218612304f h1:CEBncLM/QwkVimhI/YfI7rAyrCG86o9GpjjkdNZQPnI=
github.com/koykov/bitset v0.0.0-20210528202239-5d218612304f/go.mod h1:Mg0YlEO6vG0Vd2N5qZhyH1ss2ZuuMZR8iYNKshQcm6I=
github.com/koykov/entry v0.0.0-20220113212913-c30c9b7ad1e6 h1:htAQsjCeHfHjRpHUKPfqeictcW2/aZXiVJbfF6tejwk=
github.com/koykov/entry v0.0.0-20220113212913-c30c9b7ad1e6/go.mod h1:WmCy/YM0sPb4ETL9wYY0OJwO89KJ7qeQPGOwLUG4rZU=
github.com/koykov/fastconv v0.0.0-20211028200057-f6897ace3bc2 h1:jIlvXIudUQ6ER2y/oExe8Qa3lnZ+6C0BpPthjfDhxvs=
github.com/koykov/fastconv v0.0.0-20211028200057-f6897ace3bc2/go.mod h1:JXdtdh0aCcSmxLsVUoYP61lmxpL6dWOXEKxCIR+MlGg=
github.com/koykov/hash v0.0.0-20211114213030-b12f4a779e5d h1:QbOYJf3+IuQfP8p8DH81zE8se1ub9st9Udbxlsfnf5M=
github.com/koykov/hash v0.0.0-20211114213030-b12f4a779e5d/go.mod h1:+utwpI8WtsRQsCwtxNZKTCobJuJ8j3RNjTYLb270u+U=
